// !$*UTF8*$!
{
	archiveVersion = 1;
	classes = {
	};
	objectVersion = 56;
	objects = {

/* Begin PBXBuildFile section */
		C70F55412A2E202900B8374B /* FructusApp.swift in Sources */ = {isa = PBXBuildFile; fileRef = C70F55402A2E202900B8374B /* FructusApp.swift */; };
		C70F55432A2E202900B8374B /* FruitListView.swift in Sources */ = {isa = PBXBuildFile; fileRef = C70F55422A2E202900B8374B /* FruitListView.swift */; };
		C70F55452A2E202B00B8374B /* Assets.xcassets in Resources */ = {isa = PBXBuildFile; fileRef = C70F55442A2E202B00B8374B /* Assets.xcassets */; };
		C70F55482A2E202B00B8374B /* Preview Assets.xcassets in Resources */ = {isa = PBXBuildFile; fileRef = C70F55472A2E202B00B8374B /* Preview Assets.xcassets */; };
		C70F55512A2E252000B8374B /* FruitCardView.swift in Sources */ = {isa = PBXBuildFile; fileRef = C70F55502A2E252000B8374B /* FruitCardView.swift */; };
		C70F55532A2E2D1700B8374B /* StartButton.swift in Sources */ = {isa = PBXBuildFile; fileRef = C70F55522A2E2D1700B8374B /* StartButton.swift */; };
		C70F55552A2E307000B8374B /* OnboardingView.swift in Sources */ = {isa = PBXBuildFile; fileRef = C70F55542A2E307000B8374B /* OnboardingView.swift */; };
		C70F55582A2E35D200B8374B /* Fruit.swift in Sources */ = {isa = PBXBuildFile; fileRef = C70F55572A2E35D200B8374B /* Fruit.swift */; };
		C70F555B2A2E36A600B8374B /* FruitData.swift in Sources */ = {isa = PBXBuildFile; fileRef = C70F555A2A2E36A600B8374B /* FruitData.swift */; };
		C70F555D2A2E434F00B8374B /* FruitRowView.swift in Sources */ = {isa = PBXBuildFile; fileRef = C70F555C2A2E434F00B8374B /* FruitRowView.swift */; };
		C70F555F2A2E4D6100B8374B /* FruitDetailView.swift in Sources */ = {isa = PBXBuildFile; fileRef = C70F555E2A2E4D6100B8374B /* FruitDetailView.swift */; };
		C70F55612A2E51A900B8374B /* FruitHeaderView.swift in Sources */ = {isa = PBXBuildFile; fileRef = C70F55602A2E51A900B8374B /* FruitHeaderView.swift */; };
		C70F55632A2E548300B8374B /* SourceLinkView.swift in Sources */ = {isa = PBXBuildFile; fileRef = C70F55622A2E548300B8374B /* SourceLinkView.swift */; };
		C74A59E12A2F3A6400EE7D47 /* FruitNutrientsView.swift in Sources */ = {isa = PBXBuildFile; fileRef = C74A59E02A2F3A6400EE7D47 /* FruitNutrientsView.swift */; };
		C74A59E32A2F435300EE7D47 /* SettingsView.swift in Sources */ = {isa = PBXBuildFile; fileRef = C74A59E22A2F435300EE7D47 /* SettingsView.swift */; };
		C74A59E52A2F633700EE7D47 /* SettingsSectionTitleView.swift in Sources */ = {isa = PBXBuildFile; fileRef = C74A59E42A2F633700EE7D47 /* SettingsSectionTitleView.swift */; };
		C74A59E72A2F7EA800EE7D47 /* SettingsRowView.swift in Sources */ = {isa = PBXBuildFile; fileRef = C74A59E62A2F7EA800EE7D47 /* SettingsRowView.swift */; };
/* End PBXBuildFile section */

/* Begin PBXFileReference section */
		C70F553D2A2E202900B8374B /* Fructus.app */ = {isa = PBXFileReference; explicitFileType = wrapper.application; includeInIndex = 0; path = Fructus.app; sourceTree = BUILT_PRODUCTS_DIR; };
		C70F55402A2E202900B8374B /* FructusApp.swift */ = {isa = PBXFileReference; lastKnownFileType = sourcecode.swift; path = FructusApp.swift; sourceTree = "<group>"; };
		C70F55422A2E202900B8374B /* FruitListView.swift */ = {isa = PBXFileReference; lastKnownFileType = sourcecode.swift; path = FruitListView.swift; sourceTree = "<group>"; };
		C70F55442A2E202B00B8374B /* Assets.xcassets */ = {isa = PBXFileReference; lastKnownFileType = folder.assetcatalog; path = Assets.xcassets; sourceTree = "<group>"; };
		C70F55472A2E202B00B8374B /* Preview Assets.xcassets */ = {isa = PBXFileReference; lastKnownFileType = folder.assetcatalog; path = "Preview Assets.xcassets"; sourceTree = "<group>"; };
		C70F55502A2E252000B8374B /* FruitCardView.swift */ = {isa = PBXFileReference; lastKnownFileType = sourcecode.swift; path = FruitCardView.swift; sourceTree = "<group>"; };
		C70F55522A2E2D1700B8374B /* StartButton.swift */ = {isa = PBXFileReference; lastKnownFileType = sourcecode.swift; path = StartButton.swift; sourceTree = "<group>"; };
		C70F55542A2E307000B8374B /* OnboardingView.swift */ = {isa = PBXFileReference; lastKnownFileType = sourcecode.swift; path = OnboardingView.swift; sourceTree = "<group>"; };
		C70F55572A2E35D200B8374B /* Fruit.swift */ = {isa = PBXFileReference; lastKnownFileType = sourcecode.swift; path = Fruit.swift; sourceTree = "<group>"; };
		C70F555A2A2E36A600B8374B /* FruitData.swift */ = {isa = PBXFileReference; lastKnownFileType = sourcecode.swift; path = FruitData.swift; sourceTree = "<group>"; };
		C70F555C2A2E434F00B8374B /* FruitRowView.swift */ = {isa = PBXFileReference; lastKnownFileType = sourcecode.swift; path = FruitRowView.swift; sourceTree = "<group>"; };
		C70F555E2A2E4D6100B8374B /* FruitDetailView.swift */ = {isa = PBXFileReference; lastKnownFileType = sourcecode.swift; path = FruitDetailView.swift; sourceTree = "<group>"; };
		C70F55602A2E51A900B8374B /* FruitHeaderView.swift */ = {isa = PBXFileReference; lastKnownFileType = sourcecode.swift; path = FruitHeaderView.swift; sourceTree = "<group>"; };
		C70F55622A2E548300B8374B /* SourceLinkView.swift */ = {isa = PBXFileReference; lastKnownFileType = sourcecode.swift; path = SourceLinkView.swift; sourceTree = "<group>"; };
		C74A59E02A2F3A6400EE7D47 /* FruitNutrientsView.swift */ = {isa = PBXFileReference; lastKnownFileType = sourcecode.swift; path = FruitNutrientsView.swift; sourceTree = "<group>"; };
		C74A59E22A2F435300EE7D47 /* SettingsView.swift */ = {isa = PBXFileReference; lastKnownFileType = sourcecode.swift; path = SettingsView.swift; sourceTree = "<group>"; };
		C74A59E42A2F633700EE7D47 /* SettingsSectionTitleView.swift */ = {isa = PBXFileReference; lastKnownFileType = sourcecode.swift; path = SettingsSectionTitleView.swift; sourceTree = "<group>"; };
		C74A59E62A2F7EA800EE7D47 /* SettingsRowView.swift */ = {isa = PBXFileReference; lastKnownFileType = sourcecode.swift; path = SettingsRowView.swift; sourceTree = "<group>"; };
/* End PBXFileReference section */

/* Begin PBXFrameworksBuildPhase section */
		C70F553A2A2E202900B8374B /* Frameworks */ = {
			isa = PBXFrameworksBuildPhase;
			buildActionMask = 2147483647;
			files = (
			);
			runOnlyForDeploymentPostprocessing = 0;
		};
/* End PBXFrameworksBuildPhase section */

/* Begin PBXGroup section */
		C70F55342A2E202900B8374B = {
			isa = PBXGroup;
			children = (
				C70F553F2A2E202900B8374B /* Fructus */,
				C70F553E2A2E202900B8374B /* Products */,
			);
			sourceTree = "<group>";
		};
		C70F553E2A2E202900B8374B /* Products */ = {
			isa = PBXGroup;
			children = (
				C70F553D2A2E202900B8374B /* Fructus.app */,
			);
			name = Products;
			sourceTree = "<group>";
		};
		C70F553F2A2E202900B8374B /* Fructus */ = {
			isa = PBXGroup;
			children = (
				C70F55592A2E369500B8374B /* Data */,
				C70F55562A2E35A900B8374B /* Model */,
				C70F554F2A2E24ED00B8374B /* View */,
				C70F554E2A2E24C800B8374B /* App */,
				C70F55442A2E202B00B8374B /* Assets.xcassets */,
				C70F55462A2E202B00B8374B /* Preview Content */,
			);
			path = Fructus;
			sourceTree = "<group>";
		};
		C70F55462A2E202B00B8374B /* Preview Content */ = {
			isa = PBXGroup;
			children = (
				C70F55472A2E202B00B8374B /* Preview Assets.xcassets */,
			);
			path = "Preview Content";
			sourceTree = "<group>";
		};
		C70F554E2A2E24C800B8374B /* App */ = {
			isa = PBXGroup;
			children = (
				C70F55402A2E202900B8374B /* FructusApp.swift */,
				C70F55422A2E202900B8374B /* FruitListView.swift */,
				C70F55542A2E307000B8374B /* OnboardingView.swift */,
				C70F555E2A2E4D6100B8374B /* FruitDetailView.swift */,
				C74A59E22A2F435300EE7D47 /* SettingsView.swift */,
			);
			path = App;
			sourceTree = "<group>";
		};
		C70F554F2A2E24ED00B8374B /* View */ = {
			isa = PBXGroup;
			children = (
				C70F55502A2E252000B8374B /* FruitCardView.swift */,
				C70F55622A2E548300B8374B /* SourceLinkView.swift */,
				C70F55522A2E2D1700B8374B /* StartButton.swift */,
				C70F555C2A2E434F00B8374B /* FruitRowView.swift */,
				C70F55602A2E51A900B8374B /* FruitHeaderView.swift */,
				C74A59E02A2F3A6400EE7D47 /* FruitNutrientsView.swift */,
				C74A59E42A2F633700EE7D47 /* SettingsSectionTitleView.swift */,
				C74A59E62A2F7EA800EE7D47 /* SettingsRowView.swift */,
			);
			path = View;
			sourceTree = "<group>";
		};
		C70F55562A2E35A900B8374B /* Model */ = {
			isa = PBXGroup;
			children = (
				C70F55572A2E35D200B8374B /* Fruit.swift */,
			);
			path = Model;
			sourceTree = "<group>";
		};
		C70F55592A2E369500B8374B /* Data */ = {
			isa = PBXGroup;
			children = (
				C70F555A2A2E36A600B8374B /* FruitData.swift */,
			);
			path = Data;
			sourceTree = "<group>";
		};
/* End PBXGroup section */

/* Begin PBXNativeTarget section */
		C70F553C2A2E202900B8374B /* Fructus */ = {
			isa = PBXNativeTarget;
			buildConfigurationList = C70F554B2A2E202B00B8374B /* Build configuration list for PBXNativeTarget "Fructus" */;
			buildPhases = (
				C70F55392A2E202900B8374B /* Sources */,
				C70F553A2A2E202900B8374B /* Frameworks */,
				C70F553B2A2E202900B8374B /* Resources */,
			);
			buildRules = (
			);
			dependencies = (
			);
			name = Fructus;
			productName = Fructus;
			productReference = C70F553D2A2E202900B8374B /* Fructus.app */;
			productType = "com.apple.product-type.application";
		};
/* End PBXNativeTarget section */

/* Begin PBXProject section */
		C70F55352A2E202900B8374B /* Project object */ = {
			isa = PBXProject;
			attributes = {
				BuildIndependentTargetsInParallel = 1;
				LastSwiftUpdateCheck = 1430;
				LastUpgradeCheck = 1430;
				TargetAttributes = {
					C70F553C2A2E202900B8374B = {
						CreatedOnToolsVersion = 14.3.1;
					};
				};
			};
			buildConfigurationList = C70F55382A2E202900B8374B /* Build configuration list for PBXProject "Fructus" */;
			compatibilityVersion = "Xcode 14.0";
			developmentRegion = en;
			hasScannedForEncodings = 0;
			knownRegions = (
				en,
				Base,
			);
			mainGroup = C70F55342A2E202900B8374B;
			productRefGroup = C70F553E2A2E202900B8374B /* Products */;
			projectDirPath = "";
			projectRoot = "";
			targets = (
				C70F553C2A2E202900B8374B /* Fructus */,
			);
		};
/* End PBXProject section */

/* Begin PBXResourcesBuildPhase section */
		C70F553B2A2E202900B8374B /* Resources */ = {
			isa = PBXResourcesBuildPhase;
			buildActionMask = 2147483647;
			files = (
				C70F55482A2E202B00B8374B /* Preview Assets.xcassets in Resources */,
				C70F55452A2E202B00B8374B /* Assets.xcassets in Resources */,
			);
			runOnlyForDeploymentPostprocessing = 0;
		};
/* End PBXResourcesBuildPhase section */

/* Begin PBXSourcesBuildPhase section */
		C70F55392A2E202900B8374B /* Sources */ = {
			isa = PBXSourcesBuildPhase;
			buildActionMask = 2147483647;
			files = (
				C70F555B2A2E36A600B8374B /* FruitData.swift in Sources */,
				C70F55632A2E548300B8374B /* SourceLinkView.swift in Sources */,
				C74A59E72A2F7EA800EE7D47 /* SettingsRowView.swift in Sources */,
				C70F55582A2E35D200B8374B /* Fruit.swift in Sources */,
				C70F555D2A2E434F00B8374B /* FruitRowView.swift in Sources */,
				C74A59E52A2F633700EE7D47 /* SettingsSectionTitleView.swift in Sources */,
				C74A59E12A2F3A6400EE7D47 /* FruitNutrientsView.swift in Sources */,
				C70F55512A2E252000B8374B /* FruitCardView.swift in Sources */,
				C70F555F2A2E4D6100B8374B /* FruitDetailView.swift in Sources */,
				C70F55432A2E202900B8374B /* FruitListView.swift in Sources */,
				C70F55612A2E51A900B8374B /* FruitHeaderView.swift in Sources */,
				C70F55532A2E2D1700B8374B /* StartButton.swift in Sources */,
				C70F55552A2E307000B8374B /* OnboardingView.swift in Sources */,
				C70F55412A2E202900B8374B /* FructusApp.swift in Sources */,
				C74A59E32A2F435300EE7D47 /* SettingsView.swift in Sources */,
			);
			runOnlyForDeploymentPostprocessing = 0;
		};
/* End PBXSourcesBuildPhase section */

/* Begin XCBuildConfiguration section */
		C70F55492A2E202B00B8374B /* Debug */ = {
			isa = XCBuildConfiguration;
			buildSettings = {
				ALWAYS_SEARCH_USER_PATHS = NO;
				CLANG_ANALYZER_NONNULL = YES;
				CLANG_ANALYZER_NUMBER_OBJECT_CONVERSION = YES_AGGRESSIVE;
				CLANG_CXX_LANGUAGE_STANDARD = "gnu++20";
				CLANG_ENABLE_MODULES = YES;
				CLANG_ENABLE_OBJC_ARC = YES;
				CLANG_ENABLE_OBJC_WEAK = YES;
				CLANG_WARN_BLOCK_CAPTURE_AUTORELEASING = YES;
				CLANG_WARN_BOOL_CONVERSION = YES;
				CLANG_WARN_COMMA = YES;
				CLANG_WARN_CONSTANT_CONVERSION = YES;
				CLANG_WARN_DEPRECATED_OBJC_IMPLEMENTATIONS = YES;
				CLANG_WARN_DIRECT_OBJC_ISA_USAGE = YES_ERROR;
				CLANG_WARN_DOCUMENTATION_COMMENTS = YES;
				CLANG_WARN_EMPTY_BODY = YES;
				CLANG_WARN_ENUM_CONVERSION = YES;
				CLANG_WARN_INFINITE_RECURSION = YES;
				CLANG_WARN_INT_CONVERSION = YES;
				CLANG_WARN_NON_LITERAL_NULL_CONVERSION = YES;
				CLANG_WARN_OBJC_IMPLICIT_RETAIN_SELF = YES;
				CLANG_WARN_OBJC_LITERAL_CONVERSION = YES;
				CLANG_WARN_OBJC_ROOT_CLASS = YES_ERROR;
				CLANG_WARN_QUOTED_INCLUDE_IN_FRAMEWORK_HEADER = YES;
				CLANG_WARN_RANGE_LOOP_ANALYSIS = YES;
				CLANG_WARN_STRICT_PROTOTYPES = YES;
				CLANG_WARN_SUSPICIOUS_MOVE = YES;
				CLANG_WARN_UNGUARDED_AVAILABILITY = YES_AGGRESSIVE;
				CLANG_WARN_UNREACHABLE_CODE = YES;
				CLANG_WARN__DUPLICATE_METHOD_MATCH = YES;
				COPY_PHASE_STRIP = NO;
				DEBUG_INFORMATION_FORMAT = dwarf;
				ENABLE_STRICT_OBJC_MSGSEND = YES;
				ENABLE_TESTABILITY = YES;
				GCC_C_LANGUAGE_STANDARD = gnu11;
				GCC_DYNAMIC_NO_PIC = NO;
				GCC_NO_COMMON_BLOCKS = YES;
				GCC_OPTIMIZATION_LEVEL = 0;
				GCC_PREPROCESSOR_DEFINITIONS = (
					"DEBUG=1",
					"$(inherited)",
				);
				GCC_WARN_64_TO_32_BIT_CONVERSION = YES;
				GCC_WARN_ABOUT_RETURN_TYPE = YES_ERROR;
				GCC_WARN_UNDECLARED_SELECTOR = YES;
				GCC_WARN_UNINITIALIZED_AUTOS = YES_AGGRESSIVE;
				GCC_WARN_UNUSED_FUNCTION = YES;
				GCC_WARN_UNUSED_VARIABLE = YES;
				IPHONEOS_DEPLOYMENT_TARGET = 14.0;
				MTL_ENABLE_DEBUG_INFO = INCLUDE_SOURCE;
				MTL_FAST_MATH = YES;
				ONLY_ACTIVE_ARCH = YES;
				SDKROOT = iphoneos;
				SWIFT_ACTIVE_COMPILATION_CONDITIONS = DEBUG;
				SWIFT_OPTIMIZATION_LEVEL = "-Onone";
			};
			name = Debug;
		};
		C70F554A2A2E202B00B8374B /* Release */ = {
			isa = XCBuildConfiguration;
			buildSettings = {
				ALWAYS_SEARCH_USER_PATHS = NO;
				CLANG_ANALYZER_NONNULL = YES;
				CLANG_ANALYZER_NUMBER_OBJECT_CONVERSION = YES_AGGRESSIVE;
				CLANG_CXX_LANGUAGE_STANDARD = "gnu++20";
				CLANG_ENABLE_MODULES = YES;
				CLANG_ENABLE_OBJC_ARC = YES;
				CLANG_ENABLE_OBJC_WEAK = YES;
				CLANG_WARN_BLOCK_CAPTURE_AUTORELEASING = YES;
				CLANG_WARN_BOOL_CONVERSION = YES;
				CLANG_WARN_COMMA = YES;
				CLANG_WARN_CONSTANT_CONVERSION = YES;
				CLANG_WARN_DEPRECATED_OBJC_IMPLEMENTATIONS = YES;
				CLANG_WARN_DIRECT_OBJC_ISA_USAGE = YES_ERROR;
				CLANG_WARN_DOCUMENTATION_COMMENTS = YES;
				CLANG_WARN_EMPTY_BODY = YES;
				CLANG_WARN_ENUM_CONVERSION = YES;
				CLANG_WARN_INFINITE_RECURSION = YES;
				CLANG_WARN_INT_CONVERSION = YES;
				CLANG_WARN_NON_LITERAL_NULL_CONVERSION = YES;
				CLANG_WARN_OBJC_IMPLICIT_RETAIN_SELF = YES;
				CLANG_WARN_OBJC_LITERAL_CONVERSION = YES;
				CLANG_WARN_OBJC_ROOT_CLASS = YES_ERROR;
				CLANG_WARN_QUOTED_INCLUDE_IN_FRAMEWORK_HEADER = YES;
				CLANG_WARN_RANGE_LOOP_ANALYSIS = YES;
				CLANG_WARN_STRICT_PROTOTYPES = YES;
				CLANG_WARN_SUSPICIOUS_MOVE = YES;
				CLANG_WARN_UNGUARDED_AVAILABILITY = YES_AGGRESSIVE;
				CLANG_WARN_UNREACHABLE_CODE = YES;
				CLANG_WARN__DUPLICATE_METHOD_MATCH = YES;
				COPY_PHASE_STRIP = NO;
				DEBUG_INFORMATION_FORMAT = "dwarf-with-dsym";
				ENABLE_NS_ASSERTIONS = NO;
				ENABLE_STRICT_OBJC_MSGSEND = YES;
				GCC_C_LANGUAGE_STANDARD = gnu11;
				GCC_NO_COMMON_BLOCKS = YES;
				GCC_WARN_64_TO_32_BIT_CONVERSION = YES;
				GCC_WARN_ABOUT_RETURN_TYPE = YES_ERROR;
				GCC_WARN_UNDECLARED_SELECTOR = YES;
				GCC_WARN_UNINITIALIZED_AUTOS = YES_AGGRESSIVE;
				GCC_WARN_UNUSED_FUNCTION = YES;
				GCC_WARN_UNUSED_VARIABLE = YES;
				IPHONEOS_DEPLOYMENT_TARGET = 14.0;
				MTL_ENABLE_DEBUG_INFO = NO;
				MTL_FAST_MATH = YES;
				SDKROOT = iphoneos;
				SWIFT_COMPILATION_MODE = wholemodule;
				SWIFT_OPTIMIZATION_LEVEL = "-O";
				VALIDATE_PRODUCT = YES;
			};
			name = Release;
		};
		C70F554C2A2E202B00B8374B /* Debug */ = {
			isa = XCBuildConfiguration;
			buildSettings = {
				ASSETCATALOG_COMPILER_APPICON_NAME = AppIcon;
				ASSETCATALOG_COMPILER_GLOBAL_ACCENT_COLOR_NAME = AccentColor;
				CODE_SIGN_STYLE = Automatic;
				CURRENT_PROJECT_VERSION = 1;
				DEVELOPMENT_ASSET_PATHS = "\"Fructus/Preview Content\"";
				DEVELOPMENT_TEAM = RKQR8LZSYX;
				ENABLE_PREVIEWS = YES;
				GENERATE_INFOPLIST_FILE = YES;
				INFOPLIST_KEY_UIApplicationSceneManifest_Generation = YES;
				INFOPLIST_KEY_UIApplicationSupportsIndirectInputEvents = YES;
				INFOPLIST_KEY_UILaunchScreen_Generation = YES;
				INFOPLIST_KEY_UISupportedInterfaceOrientations = UIInterfaceOrientationPortrait;
				INFOPLIST_KEY_UISupportedInterfaceOrientations_iPad = "UIInterfaceOrientationLandscapeLeft UIInterfaceOrientationLandscapeRight UIInterfaceOrientationPortrait UIInterfaceOrientationPortraitUpsideDown";
				IPHONEOS_DEPLOYMENT_TARGET = 14.0;
				LD_RUNPATH_SEARCH_PATHS = (
					"$(inherited)",
					"@executable_path/Frameworks",
				);
				MARKETING_VERSION = 1.0;
				PRODUCT_BUNDLE_IDENTIFIER = "com.beyond-intelligent.Fructus";
				PRODUCT_NAME = "$(TARGET_NAME)";
				SWIFT_EMIT_LOC_STRINGS = YES;
				SWIFT_VERSION = 5.0;
				TARGETED_DEVICE_FAMILY = "1,2";
			};
			name = Debug;
		};
		C70F554D2A2E202B00B8374B /* Release */ = {
			isa = XCBuildConfiguration;
			buildSettings = {
				ASSETCATALOG_COMPILER_APPICON_NAME = AppIcon;
				ASSETCATALOG_COMPILER_GLOBAL_ACCENT_COLOR_NAME = AccentColor;
				CODE_SIGN_STYLE = Automatic;
				CURRENT_PROJECT_VERSION = 1;
				DEVELOPMENT_ASSET_PATHS = "\"Fructus/Preview Content\"";
				DEVELOPMENT_TEAM = RKQR8LZSYX;
				ENABLE_PREVIEWS = YES;
				GENERATE_INFOPLIST_FILE = YES;
				INFOPLIST_KEY_UIApplicationSceneManifest_Generation = YES;
				INFOPLIST_KEY_UIApplicationSupportsIndirectInputEvents = YES;
				INFOPLIST_KEY_UILaunchScreen_Generation = YES;
				INFOPLIST_KEY_UISupportedInterfaceOrientations = UIInterfaceOrientationPortrait;
				INFOPLIST_KEY_UISupportedInterfaceOrientations_iPad = "UIInterfaceOrientationLandscapeLeft UIInterfaceOrientationLandscapeRight UIInterfaceOrientationPortrait UIInterfaceOrientationPortraitUpsideDown";
				IPHONEOS_DEPLOYMENT_TARGET = 14.0;
				LD_RUNPATH_SEARCH_PATHS = (
					"$(inherited)",
					"@executable_path/Frameworks",
				);
				MARKETING_VERSION = 1.0;
				PRODUCT_BUNDLE_IDENTIFIER = "com.beyond-intelligent.Fructus";
				PRODUCT_NAME = "$(TARGET_NAME)";
				SWIFT_EMIT_LOC_STRINGS = YES;
				SWIFT_VERSION = 5.0;
				TARGETED_DEVICE_FAMILY = "1,2";
			};
			name = Release;
		};
/* End XCBuildConfiguration section */

/* Begin XCConfigurationList section */
		C70F55382A2E202900B8374B /* Build configuration list for PBXProject "Fructus" */ = {
			isa = XCConfigurationList;
			buildConfigurations = (
				C70F55492A2E202B00B8374B /* Debug */,
				C70F554A2A2E202B00B8374B /* Release */,
			);
			defaultConfigurationIsVisible = 0;
			defaultConfigurationName = Release;
		};
		C70F554B2A2E202B00B8374B /* Build configuration list for PBXNativeTarget "Fructus" */ = {
			isa = XCConfigurationList;
			buildConfigurations = (
				C70F554C2A2E202B00B8374B /* Debug */,
				C70F554D2A2E202B00B8374B /* Release */,
			);
			defaultConfigurationIsVisible = 0;
			defaultConfigurationName = Release;
		};
/* End XCConfigurationList section */
	};
	rootObject = C70F55352A2E202900B8374B /* Project object */;
}
